
Microsoft Visual Studio Solution File, Format Version 9.00
# Visual Studio 2005
Project("{E24C65DC-7377-472B-9ABA-BC803B73C61A}") = "D:\...\src\", "src\", "{77823C71-1A81-4A92-A0EE-C4F86D5B7D58}"
	ProjectSection(WebsiteProperties) = preProject
		Debug.AspNetCompiler.VirtualPath = "/src"
		Debug.AspNetCompiler.PhysicalPath = "src\"
		Debug.AspNetCompiler.TargetPath = "PrecompiledWeb\src\"
		Debug.AspNetCompiler.Updateable = "true"
		Debug.AspNetCompiler.ForceOverwrite = "true"
		Debug.AspNetCompiler.FixedNames = "false"
		Debug.AspNetCompiler.Debug = "True"
		Release.AspNetCompiler.VirtualPath = "/src"
		Release.AspNetCompiler.PhysicalPath = "src\"
		Release.AspNetCompiler.TargetPath = "PrecompiledWeb\src\"
		Release.AspNetCompiler.Updateable = "true"
		Release.AspNetCompiler.ForceOverwrite = "true"
		Release.AspNetCompiler.FixedNames = "false"
		Release.AspNetCompiler.Debug = "False"
		VWDPort = "4331"
	EndProjectSection
EndProject
Project("{FAE04EC0-301F-11D3-BF4B-00C04F79EFBC}") = "datamigrator", "tools\datamigrator\datamigrator\datamigrator.csproj", "{1CBD5143-9C2B-4958-8FAC-D1C766D4A59F}"
	ProjectSection(WebsiteProperties) = preProject
		Debug.AspNetCompiler.Debug = "True"
		Release.AspNetCompiler.Debug = "False"
	EndProjectSection
EndProject
Global
	GlobalSection(SolutionConfigurationPlatforms) = preSolution
		Debug|.NET = Debug|.NET
		Debug|Any CPU = Debug|Any CPU
		Debug|Mixed Platforms = Debug|Mixed Platforms
		Release|.NET = Release|.NET
		Release|Any CPU = Release|Any CPU
		Release|Mixed Platforms = Release|Mixed Platforms
	EndGlobalSection
	GlobalSection(ProjectConfigurationPlatforms) = postSolution
		{77823C71-1A81-4A92-A0EE-C4F86D5B7D58}.Debug|.NET.ActiveCfg = Debug|.NET
		{77823C71-1A81-4A92-A0EE-C4F86D5B7D58}.Debug|.NET.Build.0 = Debug|.NET
		{77823C71-1A81-4A92-A0EE-C4F86D5B7D58}.Debug|Any CPU.ActiveCfg = Debug|.NET
		{77823C71-1A81-4A92-A0EE-C4F86D5B7D58}.Debug|Mixed Platforms.ActiveCfg = Debug|.NET
		{77823C71-1A81-4A92-A0EE-C4F86D5B7D58}.Debug|Mixed Platforms.Build.0 = Debug|.NET
		{77823C71-1A81-4A92-A0EE-C4F86D5B7D58}.Release|.NET.ActiveCfg = Debug|.NET
		{77823C71-1A81-4A92-A0EE-C4F86D5B7D58}.Release|.NET.Build.0 = Debug|.NET
		{77823C71-1A81-4A92-A0EE-C4F86D5B7D58}.Release|Any CPU.ActiveCfg = Debug|.NET
		{77823C71-1A81-4A92-A0EE-C4F86D5B7D58}.Release|Mixed Platforms.ActiveCfg = Debug|.NET
		{77823C71-1A81-4A92-A0EE-C4F86D5B7D58}.Release|Mixed Platforms.Build.0 = Debug|.NET
		{1CBD5143-9C2B-4958-8FAC-D1C766D4A59F}.Debug|.NET.ActiveCfg = Debug|Any CPU
		{1CBD5143-9C2B-4958-8FAC-D1C766D4A59F}.Debug|Any CPU.ActiveCfg = Debug|Any CPU
		{1CBD5143-9C2B-4958-8FAC-D1C766D4A59F}.Debug|Any CPU.Build.0 = Debug|Any CPU
		{1CBD5143-9C2B-4958-8FAC-D1C766D4A59F}.Debug|Mixed Platforms.ActiveCfg = Debug|Any CPU
		{1CBD5143-9C2B-4958-8FAC-D1C766D4A59F}.Debug|Mixed Platforms.Build.0 = Debug|Any CPU
		{1CBD5143-9C2B-4958-8FAC-D1C766D4A59F}.Release|.NET.ActiveCfg = Release|Any CPU
		{1CBD5143-9C2B-4958-8FAC-D1C766D4A59F}.Release|Any CPU.ActiveCfg = Release|Any CPU
		{1CBD5143-9C2B-4958-8FAC-D1C766D4A59F}.Release|Any CPU.Build.0 = Release|Any CPU
		{1CBD5143-9C2B-4958-8FAC-D1C766D4A59F}.Release|Mixed Platforms.ActiveCfg = Release|Any CPU
		{1CBD5143-9C2B-4958-8FAC-D1C766D4A59F}.Release|Mixed Platforms.Build.0 = Release|Any CPU
	EndGlobalSection
	GlobalSection(SolutionProperties) = preSolution
		HideSolutionNode = FALSE
	EndGlobalSection
EndGlobal
